
Microsoft Visual Studio Solution File, Format Version 12.00
# Visual Studio Version 17
VisualStudioVersion = 17.12.35506.116 d17.12
MinimumVisualStudioVersion = 10.0.40219.1
Project("{FAE04EC0-301F-11D3-BF4B-00C04F79EFBC}") = "WebPortal", "src\WebPortal\WebPortal.csproj", "{93993DE7-A256-4DCC-B117-4BF0FC84D909}"
EndProject
Project("{FAE04EC0-301F-11D3-BF4B-00C04F79EFBC}") = "ViewModels", "src\ViewModels\ViewModels.csproj", "{0D1EE12C-CDE1-4477-A55F-75B87C6EAB52}"
EndProject
Project("{FAE04EC0-301F-11D3-BF4B-00C04F79EFBC}") = "BackendServer", "src\BackendServer\BackendServer.csproj", "{3C92A722-6AC0-4CBB-9D96-308E4BC3C418}"
EndProject
Global
	GlobalSection(SolutionConfigurationPlatforms) = preSolution
		Debug|Any CPU = Debug|Any CPU
		Release|Any CPU = Release|Any CPU
	EndGlobalSection
	GlobalSection(ProjectConfigurationPlatforms) = postSolution
		{93993DE7-A256-4DCC-B117-4BF0FC84D909}.Debug|Any CPU.ActiveCfg = Debug|Any CPU
		{93993DE7-A256-4DCC-B117-4BF0FC84D909}.Debug|Any CPU.Build.0 = Debug|Any CPU
		{93993DE7-A256-4DCC-B117-4BF0FC84D909}.Release|Any CPU.ActiveCfg = Release|Any CPU
		{93993DE7-A256-4DCC-B117-4BF0FC84D909}.Release|Any CPU.Build.0 = Release|Any CPU
		{0D1EE12C-CDE1-4477-A55F-75B87C6EAB52}.Debug|Any CPU.ActiveCfg = Debug|Any CPU
		{0D1EE12C-CDE1-4477-A55F-75B87C6EAB52}.Debug|Any CPU.Build.0 = Debug|Any CPU
		{0D1EE12C-CDE1-4477-A55F-75B87C6EAB52}.Release|Any CPU.ActiveCfg = Release|Any CPU
		{0D1EE12C-CDE1-4477-A55F-75B87C6EAB52}.Release|Any CPU.Build.0 = Release|Any CPU
		{3C92A722-6AC0-4CBB-9D96-308E4BC3C418}.Debug|Any CPU.ActiveCfg = Debug|Any CPU
		{3C92A722-6AC0-4CBB-9D96-308E4BC3C418}.Debug|Any CPU.Build.0 = Debug|Any CPU
		{3C92A722-6AC0-4CBB-9D96-308E4BC3C418}.Release|Any CPU.ActiveCfg = Release|Any CPU
		{3C92A722-6AC0-4CBB-9D96-308E4BC3C418}.Release|Any CPU.Build.0 = Release|Any CPU
	EndGlobalSection
	GlobalSection(SolutionProperties) = preSolution
		HideSolutionNode = FALSE
	EndGlobalSection
EndGlobal
